
Microsoft Visual Studio Solution File, Format Version 12.00
# Visual Studio Version 16
VisualStudioVersion = 16.0.30114.105
MinimumVisualStudioVersion = 10.0.40219.1
Project("{FAE04EC0-301F-11D3-BF4B-00C04F79EFBC}") = "ComputerShop", "ComputerShop\ComputerShop.csproj", "{43FBE3E0-DF09-4234-BA02-B3E9F4C73EBF}"
EndProject
Global
	GlobalSection(SolutionConfigurationPlatforms) = preSolution
		Debug|Any CPU = Debug|Any CPU
		Release|Any CPU = Release|Any CPU
	EndGlobalSection
	GlobalSection(ProjectConfigurationPlatforms) = postSolution
		{43FBE3E0-DF09-4234-BA02-B3E9F4C73EBF}.Debug|Any CPU.ActiveCfg = Debug|Any CPU
		{43FBE3E0-DF09-4234-BA02-B3E9F4C73EBF}.Debug|Any CPU.Build.0 = Debug|Any CPU
		{43FBE3E0-DF09-4234-BA02-B3E9F4C73EBF}.Release|Any CPU.ActiveCfg = Release|Any CPU
		{43FBE3E0-DF09-4234-BA02-B3E9F4C73EBF}.Release|Any CPU.Build.0 = Release|Any CPU
	EndGlobalSection
	GlobalSection(SolutionProperties) = preSolution
		HideSolutionNode = FALSE
	EndGlobalSection
	GlobalSection(ExtensibilityGlobals) = postSolution
		SolutionGuid = {6BB4F95F-75E4-4D5F-A7F8-61FD39B55F40}
	EndGlobalSection
EndGlobal
